
Microsoft Visual Studio Solution File, Format Version 12.00
# Visual Studio 15
VisualStudioVersion = 15.0.28307.136
MinimumVisualStudioVersion = 10.0.40219.1
Project("{FAE04EC0-301F-11D3-BF4B-00C04F79EFBC}") = "ServiceLayer", "ServiceLayer\ServiceLayer.csproj", "{E4E63C06-1BFA-4DFA-8035-E37FCBD7E3F5}"
EndProject
Project("{2150E333-8FDC-42A3-9474-1A3956D46DE8}") = "Server", "Server", "{F65A1156-77B0-4A10-982E-634403CE3184}"
EndProject
Project("{FAE04EC0-301F-11D3-BF4B-00C04F79EFBC}") = "DataAccessLayer", "DataAccessLayer\DataAccessLayer.csproj", "{FE4EC187-9513-4568-B3CC-6A8B5FD2B7F8}"
EndProject
Project("{FAE04EC0-301F-11D3-BF4B-00C04F79EFBC}") = "BusinessLogicLayer", "BusinessLogicLayer\BusinessLogicLayer.csproj", "{5863548D-4490-48DE-9E06-AD22C1C4F89B}"
EndProject
Project("{FAE04EC0-301F-11D3-BF4B-00C04F79EFBC}") = "Server.Infrastructure", "Server.Infrastructure\Server.Infrastructure.csproj", "{762BB221-AFA1-4896-9F7A-3D6B4828E68F}"
EndProject
Project("{2150E333-8FDC-42A3-9474-1A3956D46DE8}") = "Client", "Client", "{4C931DC3-E261-4AFD-BB8C-41DE4CF023D3}"
EndProject
Project("{2150E333-8FDC-42A3-9474-1A3956D46DE8}") = "Desktop", "Desktop", "{C3CBDE6E-F056-4294-92EC-2A90C9A36B97}"
EndProject
Project("{2150E333-8FDC-42A3-9474-1A3956D46DE8}") = "Web", "Web", "{D55BB428-0C4A-48F7-AE6A-17948C778C60}"
EndProject
Project("{2150E333-8FDC-42A3-9474-1A3956D46DE8}") = "Mobile", "Mobile", "{DCFABFEA-7B9B-42BE-B04B-4DA9342D3993}"
EndProject
Project("{FAE04EC0-301F-11D3-BF4B-00C04F79EFBC}") = "WebUi", "WebUi\WebUi.csproj", "{4A935FBB-D535-40E9-B342-19A5AECF20B5}"
EndProject
Project("{FAE04EC0-301F-11D3-BF4B-00C04F79EFBC}") = "WebUiServiceClient", "WebUiServiceClient\WebUiServiceClient.csproj", "{32FBA654-416D-494D-8673-E0F543466C8F}"
EndProject
Global
	GlobalSection(SolutionConfigurationPlatforms) = preSolution
		Debug|Any CPU = Debug|Any CPU
		Release|Any CPU = Release|Any CPU
	EndGlobalSection
	GlobalSection(ProjectConfigurationPlatforms) = postSolution
		{E4E63C06-1BFA-4DFA-8035-E37FCBD7E3F5}.Debug|Any CPU.ActiveCfg = Debug|Any CPU
		{E4E63C06-1BFA-4DFA-8035-E37FCBD7E3F5}.Debug|Any CPU.Build.0 = Debug|Any CPU
		{E4E63C06-1BFA-4DFA-8035-E37FCBD7E3F5}.Release|Any CPU.ActiveCfg = Release|Any CPU
		{E4E63C06-1BFA-4DFA-8035-E37FCBD7E3F5}.Release|Any CPU.Build.0 = Release|Any CPU
		{FE4EC187-9513-4568-B3CC-6A8B5FD2B7F8}.Debug|Any CPU.ActiveCfg = Debug|Any CPU
		{FE4EC187-9513-4568-B3CC-6A8B5FD2B7F8}.Debug|Any CPU.Build.0 = Debug|Any CPU
		{FE4EC187-9513-4568-B3CC-6A8B5FD2B7F8}.Release|Any CPU.ActiveCfg = Release|Any CPU
		{FE4EC187-9513-4568-B3CC-6A8B5FD2B7F8}.Release|Any CPU.Build.0 = Release|Any CPU
		{5863548D-4490-48DE-9E06-AD22C1C4F89B}.Debug|Any CPU.ActiveCfg = Debug|Any CPU
		{5863548D-4490-48DE-9E06-AD22C1C4F89B}.Debug|Any CPU.Build.0 = Debug|Any CPU
		{5863548D-4490-48DE-9E06-AD22C1C4F89B}.Release|Any CPU.ActiveCfg = Release|Any CPU
		{5863548D-4490-48DE-9E06-AD22C1C4F89B}.Release|Any CPU.Build.0 = Release|Any CPU
		{762BB221-AFA1-4896-9F7A-3D6B4828E68F}.Debug|Any CPU.ActiveCfg = Debug|Any CPU
		{762BB221-AFA1-4896-9F7A-3D6B4828E68F}.Debug|Any CPU.Build.0 = Debug|Any CPU
		{762BB221-AFA1-4896-9F7A-3D6B4828E68F}.Release|Any CPU.ActiveCfg = Release|Any CPU
		{762BB221-AFA1-4896-9F7A-3D6B4828E68F}.Release|Any CPU.Build.0 = Release|Any CPU
		{4A935FBB-D535-40E9-B342-19A5AECF20B5}.Debug|Any CPU.ActiveCfg = Debug|Any CPU
		{4A935FBB-D535-40E9-B342-19A5AECF20B5}.Debug|Any CPU.Build.0 = Debug|Any CPU
		{4A935FBB-D535-40E9-B342-19A5AECF20B5}.Release|Any CPU.ActiveCfg = Release|Any CPU
		{4A935FBB-D535-40E9-B342-19A5AECF20B5}.Release|Any CPU.Build.0 = Release|Any CPU
		{32FBA654-416D-494D-8673-E0F543466C8F}.Debug|Any CPU.ActiveCfg = Debug|Any CPU
		{32FBA654-416D-494D-8673-E0F543466C8F}.Debug|Any CPU.Build.0 = Debug|Any CPU
		{32FBA654-416D-494D-8673-E0F543466C8F}.Release|Any CPU.ActiveCfg = Release|Any CPU
		{32FBA654-416D-494D-8673-E0F543466C8F}.Release|Any CPU.Build.0 = Release|Any CPU
	EndGlobalSection
	GlobalSection(SolutionProperties) = preSolution
		HideSolutionNode = FALSE
	EndGlobalSection
	GlobalSection(NestedProjects) = preSolution
		{E4E63C06-1BFA-4DFA-8035-E37FCBD7E3F5} = {F65A1156-77B0-4A10-982E-634403CE3184}
		{FE4EC187-9513-4568-B3CC-6A8B5FD2B7F8} = {F65A1156-77B0-4A10-982E-634403CE3184}
		{5863548D-4490-48DE-9E06-AD22C1C4F89B} = {F65A1156-77B0-4A10-982E-634403CE3184}
		{762BB221-AFA1-4896-9F7A-3D6B4828E68F} = {F65A1156-77B0-4A10-982E-634403CE3184}
		{C3CBDE6E-F056-4294-92EC-2A90C9A36B97} = {4C931DC3-E261-4AFD-BB8C-41DE4CF023D3}
		{D55BB428-0C4A-48F7-AE6A-17948C778C60} = {4C931DC3-E261-4AFD-BB8C-41DE4CF023D3}
		{DCFABFEA-7B9B-42BE-B04B-4DA9342D3993} = {4C931DC3-E261-4AFD-BB8C-41DE4CF023D3}
		{4A935FBB-D535-40E9-B342-19A5AECF20B5} = {D55BB428-0C4A-48F7-AE6A-17948C778C60}
		{32FBA654-416D-494D-8673-E0F543466C8F} = {D55BB428-0C4A-48F7-AE6A-17948C778C60}
	EndGlobalSection
	GlobalSection(ExtensibilityGlobals) = postSolution
		SolutionGuid = {1574663A-3C87-4409-94D0-5150A60ABDE5}
	EndGlobalSection
EndGlobal
